
Microsoft Visual Studio Solution File, Format Version 12.00
# Visual Studio 15
VisualStudioVersion = 15.0.26730.12
MinimumVisualStudioVersion = 10.0.40219.1
Project("{FAE04EC0-301F-11D3-BF4B-00C04F79EFBC}") = "Bookstore2Universal_10", "Bookstore2Universal_10\Bookstore2Universal_10.csproj", "{8A7B8195-6AD3-498F-965D-6A3361743271}"
EndProject
Global
	GlobalSection(SolutionConfigurationPlatforms) = preSolution
		Debug|ARM = Debug|ARM
		Debug|x64 = Debug|x64
		Debug|x86 = Debug|x86
		Release|ARM = Release|ARM
		Release|x64 = Release|x64
		Release|x86 = Release|x86
	EndGlobalSection
	GlobalSection(ProjectConfigurationPlatforms) = postSolution
		{8A7B8195-6AD3-498F-965D-6A3361743271}.Debug|ARM.ActiveCfg = Debug|ARM
		{8A7B8195-6AD3-498F-965D-6A3361743271}.Debug|ARM.Build.0 = Debug|ARM
		{8A7B8195-6AD3-498F-965D-6A3361743271}.Debug|ARM.Deploy.0 = Debug|ARM
		{8A7B8195-6AD3-498F-965D-6A3361743271}.Debug|x64.ActiveCfg = Debug|x64
		{8A7B8195-6AD3-498F-965D-6A3361743271}.Debug|x64.Build.0 = Debug|x64
		{8A7B8195-6AD3-498F-965D-6A3361743271}.Debug|x64.Deploy.0 = Debug|x64
		{8A7B8195-6AD3-498F-965D-6A3361743271}.Debug|x86.ActiveCfg = Debug|x86
		{8A7B8195-6AD3-498F-965D-6A3361743271}.Debug|x86.Build.0 = Debug|x86
		{8A7B8195-6AD3-498F-965D-6A3361743271}.Debug|x86.Deploy.0 = Debug|x86
		{8A7B8195-6AD3-498F-965D-6A3361743271}.Release|ARM.ActiveCfg = Release|ARM
		{8A7B8195-6AD3-498F-965D-6A3361743271}.Release|ARM.Build.0 = Release|ARM
		{8A7B8195-6AD3-498F-965D-6A3361743271}.Release|ARM.Deploy.0 = Release|ARM
		{8A7B8195-6AD3-498F-965D-6A3361743271}.Release|x64.ActiveCfg = Release|x64
		{8A7B8195-6AD3-498F-965D-6A3361743271}.Release|x64.Build.0 = Release|x64
		{8A7B8195-6AD3-498F-965D-6A3361743271}.Release|x64.Deploy.0 = Release|x64
		{8A7B8195-6AD3-498F-965D-6A3361743271}.Release|x86.ActiveCfg = Release|x86
		{8A7B8195-6AD3-498F-965D-6A3361743271}.Release|x86.Build.0 = Release|x86
		{8A7B8195-6AD3-498F-965D-6A3361743271}.Release|x86.Deploy.0 = Release|x86
	EndGlobalSection
	GlobalSection(SolutionProperties) = preSolution
		HideSolutionNode = FALSE
	EndGlobalSection
	GlobalSection(ExtensibilityGlobals) = postSolution
		SolutionGuid = {E59CF750-9A6F-4755-BAB5-680FA2E88397}
	EndGlobalSection
EndGlobal
